{
  "name": "@answerlayer/cli",
  "version": "0.1.0",
  "lockfileVersion": 3,
  "requires": true,
  "packages": {
    "": {
      "name": "@answerlayer/cli",
      "version": "0.1.0",
      "license": "MIT",
      "bin": {
        "al": "bin/answerlayer.js",
        "answerlayer": "bin/answerlayer.js"
      },
      "engines": {
        "node": ">=20"
      }
    }
  }
}
